
Microsoft Visual Studio Solution File, Format Version 12.00
# Visual Studio Version 17
VisualStudioVersion = 17.11.35327.3
MinimumVisualStudioVersion = 10.0.40219.1
Project("{FAE04EC0-301F-11D3-BF4B-00C04F79EFBC}") = "AlgoforcePayrollSystem", "AlgoforcePayrollSystem\AlgoforcePayrollSystem.csproj", "{4E5F1150-FC73-431F-AA4E-14F6525923C7}"
EndProject
Global
	GlobalSection(SolutionConfigurationPlatforms) = preSolution
		Debug|Any CPU = Debug|Any CPU
		Release|Any CPU = Release|Any CPU
	EndGlobalSection
	GlobalSection(ProjectConfigurationPlatforms) = postSolution
		{4E5F1150-FC73-431F-AA4E-14F6525923C7}.Debug|Any CPU.ActiveCfg = Debug|Any CPU
		{4E5F1150-FC73-431F-AA4E-14F6525923C7}.Debug|Any CPU.Build.0 = Debug|Any CPU
		{4E5F1150-FC73-431F-AA4E-14F6525923C7}.Release|Any CPU.ActiveCfg = Release|Any CPU
		{4E5F1150-FC73-431F-AA4E-14F6525923C7}.Release|Any CPU.Build.0 = Release|Any CPU
	EndGlobalSection
	GlobalSection(SolutionProperties) = preSolution
		HideSolutionNode = FALSE
	EndGlobalSection
	GlobalSection(ExtensibilityGlobals) = postSolution
		SolutionGuid = {5D5C6BE8-2155-41F5-A867-983BC40FC975}
	EndGlobalSection
EndGlobal
